PODS:
  - ChuanqiCutCamera (0.1.0):
    - SharedUI
  - ChuanqiCutEditor (0.1.0):
    - ChuanqiCutEngine
    - SharedUI
  - ChuanqiCutEngine (0.1.0)
  - ChuanqiCutImport (0.1.0):
    - SharedUI
  - ChuanqiCutPlayer (0.1.0)
  - SharedUI (0.1.0):
    - ChuanqiCutEngine

DEPENDENCIES:
  - ChuanqiCutCamera (from `../packages/ChuanqiCutCamera`)
  - ChuanqiCutEditor (from `../packages/ChuanqiCutEditor`)
  - ChuanqiCutEngine (from `../../..`)
  - ChuanqiCutImport (from `../packages/ChuanqiCutImport`)
  - ChuanqiCutPlayer (from `../packages/ChuanqiCutPlayer`)
  - SharedUI (from `../packages/SharedUI`)

EXTERNAL SOURCES:
  ChuanqiCutCamera:
    :path: "../packages/ChuanqiCutCamera"
  ChuanqiCutEditor:
    :path: "../packages/ChuanqiCutEditor"
  ChuanqiCutEngine:
    :path: "../../.."
  ChuanqiCutImport:
    :path: "../packages/ChuanqiCutImport"
  ChuanqiCutPlayer:
    :path: "../packages/ChuanqiCutPlayer"
  SharedUI:
    :path: "../packages/SharedUI"

SPEC CHECKSUMS:
  ChuanqiCutCamera: 0695dbf5e5f245d18d5d904ec6ee7116e472f115
  ChuanqiCutEditor: 971bf78a0e0b912703073e96de81e667f994f97a
  ChuanqiCutEngine: 2a67a43ec7f29bb32db35d9f9e1925c7fc0e0343
  ChuanqiCutImport: aa33c8eb24b733c0cdf8cf8b64df7a2e38cab8e3
  ChuanqiCutPlayer: f0dd0794e4b67626604e5764e35a7456f3593001
  SharedUI: f8159d1a65fa7c7465f757b1d25bc209d45d08bf

PODFILE CHECKSUM: b34ae60458c10d4f6fe69134e685d8119df82d1b

COCOAPODS: 1.17.0
