PODS:
  - ChuanqiCut (0.1.0):
    - ChuanqiCut/Source (= 0.1.0)
  - ChuanqiCut/Source (0.1.0)
  - SharedUI (0.1.0):
    - ChuanqiCut

DEPENDENCIES:
  - ChuanqiCut/Source (from `../../..`)
  - SharedUI (from `../packages/SharedUI`)

EXTERNAL SOURCES:
  ChuanqiCut:
    :path: "../../.."
  SharedUI:
    :path: "../packages/SharedUI"

SPEC CHECKSUMS:
  ChuanqiCut: 5502b412fe987a24fb0107e94bbfee8c60366cee
  SharedUI: f87dfac65c542c0f316288efddd28230f287d749

PODFILE CHECKSUM: 5d11095463aa30c3d4f20b00c342c6995e708e9e

COCOAPODS: 1.17.0
